
Microsoft Visual Studio Solution File, Format Version 12.00
# Visual Studio Version 16
VisualStudioVersion = 16.0.31624.102
MinimumVisualStudioVersion = 10.0.40219.1
Project("{9A19103F-16F7-4668-BE54-9A1E7A4F7556}") = "WEB_953502_CHEKHOVICH", "WEB_953502_CHEKHOVICH\WEB_953502_CHEKHOVICH.csproj", "{9CEAB5BF-C3BD-4AC0-B57E-51B10CE97CF9}"
EndProject
Project("{FAE04EC0-301F-11D3-BF4B-00C04F79EFBC}") = "WEB_953502_CHEKHOVICH.Blazor.Server", "WEB_953502_CHEKHOVICH.Blazor\Server\WEB_953502_CHEKHOVICH.Blazor.Server.csproj", "{065A9344-8C36-433C-AF1B-91FDAF6E2217}"
EndProject
Project("{FAE04EC0-301F-11D3-BF4B-00C04F79EFBC}") = "WEB_953502_CHEKHOVICH.Blazor.Client", "WEB_953502_CHEKHOVICH.Blazor\Client\WEB_953502_CHEKHOVICH.Blazor.Client.csproj", "{FD77584B-4D27-4797-A969-104F9075B351}"
EndProject
Project("{FAE04EC0-301F-11D3-BF4B-00C04F79EFBC}") = "WEB_953502_CHEKHOVICH.Blazor.Shared", "WEB_953502_CHEKHOVICH.Blazor\Shared\WEB_953502_CHEKHOVICH.Blazor.Shared.csproj", "{52276903-E76F-4C07-AB49-B17041C2DF02}"
EndProject
Global
	GlobalSection(SolutionConfigurationPlatforms) = preSolution
		Debug|Any CPU = Debug|Any CPU
		Release|Any CPU = Release|Any CPU
	EndGlobalSection
	GlobalSection(ProjectConfigurationPlatforms) = postSolution
		{9CEAB5BF-C3BD-4AC0-B57E-51B10CE97CF9}.Debug|Any CPU.ActiveCfg = Debug|Any CPU
		{9CEAB5BF-C3BD-4AC0-B57E-51B10CE97CF9}.Debug|Any CPU.Build.0 = Debug|Any CPU
		{9CEAB5BF-C3BD-4AC0-B57E-51B10CE97CF9}.Release|Any CPU.ActiveCfg = Release|Any CPU
		{9CEAB5BF-C3BD-4AC0-B57E-51B10CE97CF9}.Release|Any CPU.Build.0 = Release|Any CPU
		{065A9344-8C36-433C-AF1B-91FDAF6E2217}.Debug|Any CPU.ActiveCfg = Debug|Any CPU
		{065A9344-8C36-433C-AF1B-91FDAF6E2217}.Debug|Any CPU.Build.0 = Debug|Any CPU
		{065A9344-8C36-433C-AF1B-91FDAF6E2217}.Release|Any CPU.ActiveCfg = Release|Any CPU
		{065A9344-8C36-433C-AF1B-91FDAF6E2217}.Release|Any CPU.Build.0 = Release|Any CPU
		{FD77584B-4D27-4797-A969-104F9075B351}.Debug|Any CPU.ActiveCfg = Debug|Any CPU
		{FD77584B-4D27-4797-A969-104F9075B351}.Debug|Any CPU.Build.0 = Debug|Any CPU
		{FD77584B-4D27-4797-A969-104F9075B351}.Release|Any CPU.ActiveCfg = Release|Any CPU
		{FD77584B-4D27-4797-A969-104F9075B351}.Release|Any CPU.Build.0 = Release|Any CPU
		{52276903-E76F-4C07-AB49-B17041C2DF02}.Debug|Any CPU.ActiveCfg = Debug|Any CPU
		{52276903-E76F-4C07-AB49-B17041C2DF02}.Debug|Any CPU.Build.0 = Debug|Any CPU
		{52276903-E76F-4C07-AB49-B17041C2DF02}.Release|Any CPU.ActiveCfg = Release|Any CPU
		{52276903-E76F-4C07-AB49-B17041C2DF02}.Release|Any CPU.Build.0 = Release|Any CPU
	EndGlobalSection
	GlobalSection(SolutionProperties) = preSolution
		HideSolutionNode = FALSE
	EndGlobalSection
	GlobalSection(ExtensibilityGlobals) = postSolution
		SolutionGuid = {C694F986-8CF8-430A-B935-9512FEE2B4B0}
	EndGlobalSection
EndGlobal
